
Microsoft Visual Studio Solution File, Format Version 10.00
# Visual Studio 2008
Project("{FAE04EC0-301F-11D3-BF4B-00C04F79EFBC}") = "Pinball Updated", "Pinball\Pinball Updated.csproj", "{23F5C4F8-23C0-4DA9-8865-43492C7C0597}"
EndProject
Project("{FAE04EC0-301F-11D3-BF4B-00C04F79EFBC}") = "FarseerPhysics", "FarseerPhysics2.0XNA\FarseerPhysics.csproj", "{3CA74E02-3210-4BF8-85E9-024E9AD6F18D}"
EndProject
Global
	GlobalSection(SolutionConfigurationPlatforms) = preSolution
		Debug|Any CPU = Debug|Any CPU
		Debug|Mixed Platforms = Debug|Mixed Platforms
		Debug|x86 = Debug|x86
		Debug|Xbox 360 = Debug|Xbox 360
		Debug|Zune = Debug|Zune
		Release|Any CPU = Release|Any CPU
		Release|Mixed Platforms = Release|Mixed Platforms
		Release|x86 = Release|x86
		Release|Xbox 360 = Release|Xbox 360
		Release|Zune = Release|Zune
	EndGlobalSection
	GlobalSection(ProjectConfigurationPlatforms) = postSolution
		{23F5C4F8-23C0-4DA9-8865-43492C7C0597}.Debug|Any CPU.ActiveCfg = Debug|Zune
		{23F5C4F8-23C0-4DA9-8865-43492C7C0597}.Debug|Mixed Platforms.ActiveCfg = Debug|Zune
		{23F5C4F8-23C0-4DA9-8865-43492C7C0597}.Debug|Mixed Platforms.Build.0 = Debug|Zune
		{23F5C4F8-23C0-4DA9-8865-43492C7C0597}.Debug|Mixed Platforms.Deploy.0 = Debug|Zune
		{23F5C4F8-23C0-4DA9-8865-43492C7C0597}.Debug|x86.ActiveCfg = Debug|Zune
		{23F5C4F8-23C0-4DA9-8865-43492C7C0597}.Debug|Xbox 360.ActiveCfg = Debug|Zune
		{23F5C4F8-23C0-4DA9-8865-43492C7C0597}.Debug|Zune.ActiveCfg = Debug|Zune
		{23F5C4F8-23C0-4DA9-8865-43492C7C0597}.Debug|Zune.Build.0 = Debug|Zune
		{23F5C4F8-23C0-4DA9-8865-43492C7C0597}.Debug|Zune.Deploy.0 = Debug|Zune
		{23F5C4F8-23C0-4DA9-8865-43492C7C0597}.Release|Any CPU.ActiveCfg = Release|Zune
		{23F5C4F8-23C0-4DA9-8865-43492C7C0597}.Release|Mixed Platforms.ActiveCfg = Release|Zune
		{23F5C4F8-23C0-4DA9-8865-43492C7C0597}.Release|Mixed Platforms.Build.0 = Release|Zune
		{23F5C4F8-23C0-4DA9-8865-43492C7C0597}.Release|Mixed Platforms.Deploy.0 = Release|Zune
		{23F5C4F8-23C0-4DA9-8865-43492C7C0597}.Release|x86.ActiveCfg = Release|Zune
		{23F5C4F8-23C0-4DA9-8865-43492C7C0597}.Release|Xbox 360.ActiveCfg = Release|Zune
		{23F5C4F8-23C0-4DA9-8865-43492C7C0597}.Release|Zune.ActiveCfg = Release|Zune
		{23F5C4F8-23C0-4DA9-8865-43492C7C0597}.Release|Zune.Build.0 = Release|Zune
		{23F5C4F8-23C0-4DA9-8865-43492C7C0597}.Release|Zune.Deploy.0 = Release|Zune
		{4857D1C0-10F2-4FED-B04A-FB4741F29BC6}.Debug|Any CPU.ActiveCfg = Debug|Zune
		{4857D1C0-10F2-4FED-B04A-FB4741F29BC6}.Debug|Mixed Platforms.ActiveCfg = Debug|Zune
		{4857D1C0-10F2-4FED-B04A-FB4741F29BC6}.Debug|x86.ActiveCfg = Debug|Zune
		{4857D1C0-10F2-4FED-B04A-FB4741F29BC6}.Debug|Xbox 360.ActiveCfg = Debug|Zune
		{4857D1C0-10F2-4FED-B04A-FB4741F29BC6}.Debug|Zune.ActiveCfg = Debug|Zune
		{4857D1C0-10F2-4FED-B04A-FB4741F29BC6}.Release|Any CPU.ActiveCfg = Release|Zune
		{4857D1C0-10F2-4FED-B04A-FB4741F29BC6}.Release|Mixed Platforms.ActiveCfg = Release|Zune
		{4857D1C0-10F2-4FED-B04A-FB4741F29BC6}.Release|x86.ActiveCfg = Release|Zune
		{4857D1C0-10F2-4FED-B04A-FB4741F29BC6}.Release|Xbox 360.ActiveCfg = Release|Zune
		{4857D1C0-10F2-4FED-B04A-FB4741F29BC6}.Release|Zune.ActiveCfg = Release|Zune
		{3CA74E02-3210-4BF8-85E9-024E9AD6F18D}.Debug|Any CPU.ActiveCfg = Debug|Any CPU
		{3CA74E02-3210-4BF8-85E9-024E9AD6F18D}.Debug|Any CPU.Build.0 = Debug|Any CPU
		{3CA74E02-3210-4BF8-85E9-024E9AD6F18D}.Debug|Mixed Platforms.ActiveCfg = Debug|Any CPU
		{3CA74E02-3210-4BF8-85E9-024E9AD6F18D}.Debug|Mixed Platforms.Build.0 = Debug|Any CPU
		{3CA74E02-3210-4BF8-85E9-024E9AD6F18D}.Debug|x86.ActiveCfg = Debug|Any CPU
		{3CA74E02-3210-4BF8-85E9-024E9AD6F18D}.Debug|Xbox 360.ActiveCfg = Debug|Any CPU
		{3CA74E02-3210-4BF8-85E9-024E9AD6F18D}.Debug|Zune.ActiveCfg = Debug|Any CPU
		{3CA74E02-3210-4BF8-85E9-024E9AD6F18D}.Release|Any CPU.ActiveCfg = Release|Any CPU
		{3CA74E02-3210-4BF8-85E9-024E9AD6F18D}.Release|Any CPU.Build.0 = Release|Any CPU
		{3CA74E02-3210-4BF8-85E9-024E9AD6F18D}.Release|Mixed Platforms.ActiveCfg = Release|Any CPU
		{3CA74E02-3210-4BF8-85E9-024E9AD6F18D}.Release|Mixed Platforms.Build.0 = Release|Any CPU
		{3CA74E02-3210-4BF8-85E9-024E9AD6F18D}.Release|x86.ActiveCfg = Release|Any CPU
		{3CA74E02-3210-4BF8-85E9-024E9AD6F18D}.Release|Xbox 360.ActiveCfg = Release|Any CPU
		{3CA74E02-3210-4BF8-85E9-024E9AD6F18D}.Release|Zune.ActiveCfg = Release|Any CPU
	EndGlobalSection
	GlobalSection(SolutionProperties) = preSolution
		HideSolutionNode = FALSE
	EndGlobalSection
EndGlobal
