
Microsoft Visual Studio Solution File, Format Version 11.00
# Visual Studio 2010
Project("{FAE04EC0-301F-11D3-BF4B-00C04F79EFBC}") = "Pinball", "Pinball\Pinball\Pinball.csproj", "{DC93CCAD-8D0A-44D8-88F6-FD4419940873}"
EndProject
Project("{FAE04EC0-301F-11D3-BF4B-00C04F79EFBC}") = "PinballContent", "Pinball\PinballContent\PinballContent.contentproj", "{451F9667-854E-4F4E-BD1D-D99B6D9C49BC}"
EndProject
Project("{FAE04EC0-301F-11D3-BF4B-00C04F79EFBC}") = "FarseerPhysics", "FarseerPhysics\FarseerPhysics.csproj", "{940C0EC0-A104-4F48-AD37-705493BDAD33}"
EndProject
Global
	GlobalSection(SolutionConfigurationPlatforms) = preSolution
		Debug|Mixed Platforms = Debug|Mixed Platforms
		Debug|Windows Phone = Debug|Windows Phone
		Debug|x86 = Debug|x86
		Release|Mixed Platforms = Release|Mixed Platforms
		Release|Windows Phone = Release|Windows Phone
		Release|x86 = Release|x86
	EndGlobalSection
	GlobalSection(ProjectConfigurationPlatforms) = postSolution
		{DC93CCAD-8D0A-44D8-88F6-FD4419940873}.Debug|Mixed Platforms.ActiveCfg = Debug|Windows Phone
		{DC93CCAD-8D0A-44D8-88F6-FD4419940873}.Debug|Mixed Platforms.Build.0 = Debug|Windows Phone
		{DC93CCAD-8D0A-44D8-88F6-FD4419940873}.Debug|Mixed Platforms.Deploy.0 = Debug|Windows Phone
		{DC93CCAD-8D0A-44D8-88F6-FD4419940873}.Debug|Windows Phone.ActiveCfg = Debug|Windows Phone
		{DC93CCAD-8D0A-44D8-88F6-FD4419940873}.Debug|Windows Phone.Build.0 = Debug|Windows Phone
		{DC93CCAD-8D0A-44D8-88F6-FD4419940873}.Debug|Windows Phone.Deploy.0 = Debug|Windows Phone
		{DC93CCAD-8D0A-44D8-88F6-FD4419940873}.Debug|x86.ActiveCfg = Debug|Windows Phone
		{DC93CCAD-8D0A-44D8-88F6-FD4419940873}.Debug|x86.Build.0 = Debug|Windows Phone
		{DC93CCAD-8D0A-44D8-88F6-FD4419940873}.Release|Mixed Platforms.ActiveCfg = Release|Windows Phone
		{DC93CCAD-8D0A-44D8-88F6-FD4419940873}.Release|Mixed Platforms.Build.0 = Release|Windows Phone
		{DC93CCAD-8D0A-44D8-88F6-FD4419940873}.Release|Mixed Platforms.Deploy.0 = Release|Windows Phone
		{DC93CCAD-8D0A-44D8-88F6-FD4419940873}.Release|Windows Phone.ActiveCfg = Release|Windows Phone
		{DC93CCAD-8D0A-44D8-88F6-FD4419940873}.Release|Windows Phone.Build.0 = Release|Windows Phone
		{DC93CCAD-8D0A-44D8-88F6-FD4419940873}.Release|Windows Phone.Deploy.0 = Release|Windows Phone
		{DC93CCAD-8D0A-44D8-88F6-FD4419940873}.Release|x86.ActiveCfg = Release|Windows Phone
		{DC93CCAD-8D0A-44D8-88F6-FD4419940873}.Release|x86.Build.0 = Release|Windows Phone
		{451F9667-854E-4F4E-BD1D-D99B6D9C49BC}.Debug|Mixed Platforms.ActiveCfg = Debug|Windows Phone
		{451F9667-854E-4F4E-BD1D-D99B6D9C49BC}.Debug|Windows Phone.ActiveCfg = Debug|Windows Phone
		{451F9667-854E-4F4E-BD1D-D99B6D9C49BC}.Debug|x86.ActiveCfg = Debug|Windows Phone
		{451F9667-854E-4F4E-BD1D-D99B6D9C49BC}.Release|Mixed Platforms.ActiveCfg = Release|Windows Phone
		{451F9667-854E-4F4E-BD1D-D99B6D9C49BC}.Release|Windows Phone.ActiveCfg = Release|Windows Phone
		{451F9667-854E-4F4E-BD1D-D99B6D9C49BC}.Release|x86.ActiveCfg = Release|Windows Phone
		{940C0EC0-A104-4F48-AD37-705493BDAD33}.Debug|Mixed Platforms.ActiveCfg = Debug|Windows Phone
		{940C0EC0-A104-4F48-AD37-705493BDAD33}.Debug|Mixed Platforms.Build.0 = Debug|Windows Phone
		{940C0EC0-A104-4F48-AD37-705493BDAD33}.Debug|Windows Phone.ActiveCfg = Debug|Windows Phone
		{940C0EC0-A104-4F48-AD37-705493BDAD33}.Debug|Windows Phone.Build.0 = Debug|Windows Phone
		{940C0EC0-A104-4F48-AD37-705493BDAD33}.Debug|x86.ActiveCfg = Debug|Windows Phone
		{940C0EC0-A104-4F48-AD37-705493BDAD33}.Release|Mixed Platforms.ActiveCfg = Release|Windows Phone
		{940C0EC0-A104-4F48-AD37-705493BDAD33}.Release|Mixed Platforms.Build.0 = Release|Windows Phone
		{940C0EC0-A104-4F48-AD37-705493BDAD33}.Release|Windows Phone.ActiveCfg = Release|Windows Phone
		{940C0EC0-A104-4F48-AD37-705493BDAD33}.Release|Windows Phone.Build.0 = Release|Windows Phone
		{940C0EC0-A104-4F48-AD37-705493BDAD33}.Release|x86.ActiveCfg = Release|Windows Phone
	EndGlobalSection
	GlobalSection(SolutionProperties) = preSolution
		HideSolutionNode = FALSE
	EndGlobalSection
EndGlobal
