
Microsoft Visual Studio Solution File, Format Version 10.00
# Visual Studio 2008
Project("{FAE04EC0-301F-11D3-BF4B-00C04F79EFBC}") = "Pinball Alpha", "PinballAlpha\Pinball Alpha.csproj", "{4415F766-236C-4F0E-83E1-53BBA50CC119}"
EndProject
Global
	GlobalSection(SolutionConfigurationPlatforms) = preSolution
		Debug|Zune = Debug|Zune
		Release|Zune = Release|Zune
	EndGlobalSection
	GlobalSection(ProjectConfigurationPlatforms) = postSolution
		{4415F766-236C-4F0E-83E1-53BBA50CC119}.Debug|Zune.ActiveCfg = Debug|Zune
		{4415F766-236C-4F0E-83E1-53BBA50CC119}.Debug|Zune.Build.0 = Debug|Zune
		{4415F766-236C-4F0E-83E1-53BBA50CC119}.Debug|Zune.Deploy.0 = Debug|Zune
		{4415F766-236C-4F0E-83E1-53BBA50CC119}.Release|Zune.ActiveCfg = Release|Zune
		{4415F766-236C-4F0E-83E1-53BBA50CC119}.Release|Zune.Build.0 = Release|Zune
		{4415F766-236C-4F0E-83E1-53BBA50CC119}.Release|Zune.Deploy.0 = Release|Zune
		{2812CFFD-B1AE-49BC-8D95-5C21821E3BF9}.Debug|Zune.ActiveCfg = Debug|Zune
		{2812CFFD-B1AE-49BC-8D95-5C21821E3BF9}.Release|Zune.ActiveCfg = Release|Zune
	EndGlobalSection
	GlobalSection(SolutionProperties) = preSolution
		HideSolutionNode = FALSE
	EndGlobalSection
EndGlobal
